
Microsoft Visual Studio Solution File, Format Version 12.00
# Visual Studio Version 17
VisualStudioVersion = 17.8.34330.188
MinimumVisualStudioVersion = 10.0.40219.1
Project("{FAE04EC0-301F-11D3-BF4B-00C04F79EFBC}") = "InventoryManagementSystem", "InventoryManagementSystem.csproj", "{3DF216C2-D80C-4D67-9C08-D52B9A00F8A7}"
EndProject
Global
	GlobalSection(SolutionConfigurationPlatforms) = preSolution
		Debug|Any CPU = Debug|Any CPU
		Release|Any CPU = Release|Any CPU
	EndGlobalSection
	GlobalSection(ProjectConfigurationPlatforms) = postSolution
		{3DF216C2-D80C-4D67-9C08-D52B9A00F8A7}.Debug|Any CPU.ActiveCfg = Debug|Any CPU
		{3DF216C2-D80C-4D67-9C08-D52B9A00F8A7}.Debug|Any CPU.Build.0 = Debug|Any CPU
		{3DF216C2-D80C-4D67-9C08-D52B9A00F8A7}.Release|Any CPU.ActiveCfg = Release|Any CPU
		{3DF216C2-D80C-4D67-9C08-D52B9A00F8A7}.Release|Any CPU.Build.0 = Release|Any CPU
	EndGlobalSection
	GlobalSection(SolutionProperties) = preSolution
		HideSolutionNode = FALSE
	EndGlobalSection
	GlobalSection(ExtensibilityGlobals) = postSolution
		SolutionGuid = {D0322F8D-141B-4016-9F66-97F45B1282C4}
	EndGlobalSection
EndGlobal
